
Microsoft Visual Studio Solution File, Format Version 12.00
# Visual Studio Version 17
VisualStudioVersion = 17.6.33815.320
MinimumVisualStudioVersion = 10.0.40219.1
Project("{FAE04EC0-301F-11D3-BF4B-00C04F79EFBC}") = "InternetProvider", "InternetProvider\InternetProvider.csproj", "{51C1973A-4976-413A-B824-A96B3E4ED270}"
EndProject
Global
	GlobalSection(SolutionConfigurationPlatforms) = preSolution
		Debug|Any CPU = Debug|Any CPU
		Release|Any CPU = Release|Any CPU
	EndGlobalSection
	GlobalSection(ProjectConfigurationPlatforms) = postSolution
		{51C1973A-4976-413A-B824-A96B3E4ED270}.Debug|Any CPU.ActiveCfg = Debug|Any CPU
		{51C1973A-4976-413A-B824-A96B3E4ED270}.Debug|Any CPU.Build.0 = Debug|Any CPU
		{51C1973A-4976-413A-B824-A96B3E4ED270}.Release|Any CPU.ActiveCfg = Release|Any CPU
		{51C1973A-4976-413A-B824-A96B3E4ED270}.Release|Any CPU.Build.0 = Release|Any CPU
	EndGlobalSection
	GlobalSection(SolutionProperties) = preSolution
		HideSolutionNode = FALSE
	EndGlobalSection
	GlobalSection(ExtensibilityGlobals) = postSolution
		SolutionGuid = {280063E9-DDE5-4302-8B8B-23C31EBE3B7E}
	EndGlobalSection
EndGlobal
